version = 1
revision = 3
requires-python = ">=3.11"

[[package]]
name = "bashlex"
version = "0.18"
source = { registry = "https://pypi.org/simple" }
sdist = { url = "https://files.pythonhosted.org/packages/76/60/aae0bb54f9af5e0128ba90eb83d8d0d506ee8f0475c4fdda3deeda20b1d2/bashlex-0.18.tar.gz", hash = "sha256:5bb03a01c6d5676338c36fd1028009c8ad07e7d61d8a1ce3f513b7fff52796ee", size = 68742, upload-time = "2023-01-18T15:21:26.402Z" }
wheels = [
    { url = "https://files.pythonhosted.org/packages/f4/be/6985abb1011fda8a523cfe21ed9629e397d6e06fb5bae99750402b25c95b/bashlex-0.18-py2.py3-none-any.whl", hash = "sha256:91d73a23a3e51711919c1c899083890cdecffc91d8c088942725ac13e9dcfffa", size = 69539, upload-time = "2023-01-18T15:21:24.167Z" },
]

[[package]]
name = "bracex"
version = "2.6"
source = { registry = "https://pypi.org/simple" }
sdist = { url = "https://files.pythonhosted.org/packages/63/9a/fec38644694abfaaeca2798b58e276a8e61de49e2e37494ace423395febc/bracex-2.6.tar.gz", hash = "sha256:98f1347cd77e22ee8d967a30ad4e310b233f7754dbf31ff3fceb76145ba47dc7", size = 26642, upload-time = "2025-06-22T19:12:31.254Z" }
wheels = [
    { url = "https://files.pythonhosted.org/packages/9d/2a/9186535ce58db529927f6cf5990a849aa9e052eea3e2cfefe20b9e1802da/bracex-2.6-py3-none-any.whl", hash = "sha256:0b0049264e7340b3ec782b5cb99beb325f36c3782a32e36e876452fd49a09952", size = 11508, upload-time = "2025-06-22T19:12:29.781Z" },
]

[[package]]
name = "build"
version = "1.3.0"
source = { registry = "https://pypi.org/simple" }
dependencies = [
    { name = "colorama", marker = "os_name == 'nt'" },
    { name = "packaging" },
    { name = "pyproject-hooks" },
]
sdist = { url = "https://files.pythonhosted.org/packages/25/1c/23e33405a7c9eac261dff640926b8b5adaed6a6eb3e1767d441ed611d0c0/build-1.3.0.tar.gz", hash = "sha256:698edd0ea270bde950f53aed21f3a0135672206f3911e0176261a31e0e07b397", size = 48544, upload-time = "2025-08-01T21:27:09.268Z" }
wheels = [
    { url = "https://files.pythonhosted.org/packages/cb/8c/2b30c12155ad8de0cf641d76a8b396a16d2c36bc6d50b621a62b7c4567c1/build-1.3.0-py3-none-any.whl", hash = "sha256:7145f0b5061ba90a1500d60bd1b13ca0a8a4cebdd0cc16ed8adf1c0e739f43b4", size = 23382, upload-time = "2025-08-01T21:27:07.844Z" },
]

[[package]]
name = "certifi"
version = "2025.11.12"
source = { registry = "https://pypi.org/simple" }
sdist = { url = "https://files.pythonhosted.org/packages/a2/8c/58f469717fa48465e4a50c014a0400602d3c437d7c0c468e17ada824da3a/certifi-2025.11.12.tar.gz", hash = "sha256:d8ab5478f2ecd78af242878415affce761ca6bc54a22a27e026d7c25357c3316", size = 160538, upload-time = "2025-11-12T02:54:51.517Z" }
wheels = [
    { url = "https://files.pythonhosted.org/packages/70/7d/9bc192684cea499815ff478dfcdc13835ddf401365057044fb721ec6bddb/certifi-2025.11.12-py3-none-any.whl", hash = "sha256:97de8790030bbd5c2d96b7ec782fc2f7820ef8dba6db909ccf95449f2d062d4b", size = 159438, upload-time = "2025-11-12T02:54:49.735Z" },
]

[[package]]
name = "cibuildwheel"
version = "3.3.1"
source = { registry = "https://pypi.org/simple" }
dependencies = [
    { name = "bashlex" },
    { name = "bracex" },
    { name = "build" },
    { name = "certifi" },
    { name = "dependency-groups" },
    { name = "filelock" },
    { name = "humanize" },
    { name = "packaging" },
    { name = "patchelf", marker = "(platform_machine == 'aarch64' and sys_platform == 'darwin') or (platform_machine == 'arm64' and sys_platform == 'darwin') or (platform_machine == 'x86_64' and sys_platform == 'darwin') or (platform_machine == 'aarch64' and sys_platform == 'linux') or (platform_machine == 'arm64' and sys_platform == 'linux') or (platform_machine == 'x86_64' and sys_platform == 'linux')" },
    { name = "platformdirs" },
    { name = "pyelftools" },
    { name = "wheel" },
]
sdist = { url = "https://files.pythonhosted.org/packages/cb/8c/61b0cca8be7eef6af32b0c0e62f78dc8c91572ea8870bc6c4d061f259832/cibuildwheel-3.3.1.tar.gz", hash = "sha256:ae6eafe6f7ed3bab38919e08bf3eb92085f6387c5f7a746b40cc4775a8462f9a", size = 358374, upload-time = "2026-01-05T19:58:17.606Z" }
wheels = [
    { url = "https://files.pythonhosted.org/packages/73/5c/3b6689ae5c8a720c275f9832c2d1611a2a1f445bfb16701a13f5f604af5c/cibuildwheel-3.3.1-py3-none-any.whl", hash = "sha256:6d3c387e77c5850819294863eeee4e57fb7e8ecdf87b7412e763222c16e26424", size = 127164, upload-time = "2026-01-05T19:58:16.338Z" },
]

[package.optional-dependencies]
uv = [
    { name = "uv" },
]

[[package]]
name = "colorama"
version = "0.4.6"
source = { registry = "https://pypi.org/simple" }
sdist = { url = "https://files.pythonhosted.org/packages/d8/53/6f443c9a4a8358a93a6792e2acffb9d9d5cb0a5cfd8802644b7b1c9a02e4/colorama-0.4.6.tar.gz", hash = "sha256:08695f5cb7ed6e0531a20572697297273c47b8cae5a63ffc6d6ed5c201be6e44", size = 27697, upload-time = "2022-10-25T02:36:22.414Z" }
wheels = [
    { url = "https://files.pythonhosted.org/packages/d1/d6/3965ed04c63042e047cb6a3e6ed1a63a35087b6a609aa3a15ed8ac56c221/colorama-0.4.6-py2.py3-none-any.whl", hash = "sha256:4f1d9991f5acc0ca119f9d443620b77f9d6b33703e51011c16baf57afb285fc6", size = 25335, upload-time = "2022-10-25T02:36:20.889Z" },
]

[[package]]
name = "dependency-groups"
version = "1.3.1"
source = { registry = "https://pypi.org/simple" }
dependencies = [
    { name = "packaging" },
]
sdist = { url = "https://files.pythonhosted.org/packages/62/55/f054de99871e7beb81935dea8a10b90cd5ce42122b1c3081d5282fdb3621/dependency_groups-1.3.1.tar.gz", hash = "sha256:78078301090517fd938c19f64a53ce98c32834dfe0dee6b88004a569a6adfefd", size = 10093, upload-time = "2025-05-02T00:34:29.452Z" }
wheels = [
    { url = "https://files.pythonhosted.org/packages/99/c7/d1ec24fb280caa5a79b6b950db565dab30210a66259d17d5bb2b3a9f878d/dependency_groups-1.3.1-py3-none-any.whl", hash = "sha256:51aeaa0dfad72430fcfb7bcdbefbd75f3792e5919563077f30bc0d73f4493030", size = 8664, upload-time = "2025-05-02T00:34:27.085Z" },
]

[[package]]
name = "execnet"
version = "2.1.2"
source = { registry = "https://pypi.org/simple" }
sdist = { url = "https://files.pythonhosted.org/packages/bf/89/780e11f9588d9e7128a3f87788354c7946a9cbb1401ad38a48c4db9a4f07/execnet-2.1.2.tar.gz", hash = "sha256:63d83bfdd9a23e35b9c6a3261412324f964c2ec8dcd8d3c6916ee9373e0befcd", size = 166622, upload-time = "2025-11-12T09:56:37.75Z" }
wheels = [
    { url = "https://files.pythonhosted.org/packages/ab/84/02fc1827e8cdded4aa65baef11296a9bbe595c474f0d6d758af082d849fd/execnet-2.1.2-py3-none-any.whl", hash = "sha256:67fba928dd5a544b783f6056f449e5e3931a5c378b128bc18501f7ea79e296ec", size = 40708, upload-time = "2025-11-12T09:56:36.333Z" },
]

[[package]]
name = "fastmssql"
version = "0.6.1"
source = { editable = "." }

[package.dev-dependencies]
dev = [
    { name = "cibuildwheel", extra = ["uv"] },
    { name = "filelock" },
    { name = "maturin" },
    { name = "psutil" },
    { name = "pytest" },
    { name = "pytest-asyncio" },
    { name = "pytest-timeout" },
    { name = "pytest-xdist" },
    { name = "python-dotenv" },
    { name = "ruff" },
    { name = "wheel" },
]

[package.metadata]

[package.metadata.requires-dev]
dev = [
    { name = "cibuildwheel", extras = ["uv"], specifier = ">=3.3.1" },
    { name = "filelock", specifier = "==3.20.3" },
    { name = "maturin", specifier = "==1.11.5" },
    { name = "psutil", specifier = "==7.2.1" },
    { name = "pytest", specifier = "==9.0.2" },
    { name = "pytest-asyncio", specifier = "==1.3.0" },
    { name = "pytest-timeout", specifier = "==2.4.0" },
    { name = "pytest-xdist", specifier = "==3.8.0" },
    { name = "python-dotenv", specifier = "==1.2.1" },
    { name = "ruff", specifier = ">=0.14.13" },
    { name = "wheel", specifier = "==0.46.3" },
]

[[package]]
name = "filelock"
version = "3.20.3"
source = { registry = "https://pypi.org/simple" }
sdist = { url = "https://files.pythonhosted.org/packages/1d/65/ce7f1b70157833bf3cb851b556a37d4547ceafc158aa9b34b36782f23696/filelock-3.20.3.tar.gz", hash = "sha256:18c57ee915c7ec61cff0ecf7f0f869936c7c30191bb0cf406f1341778d0834e1", size = 19485, upload-time = "2026-01-09T17:55:05.421Z" }
wheels = [
    { url = "https://files.pythonhosted.org/packages/b5/36/7fb70f04bf00bc646cd5bb45aa9eddb15e19437a28b8fb2b4a5249fac770/filelock-3.20.3-py3-none-any.whl", hash = "sha256:4b0dda527ee31078689fc205ec4f1c1bf7d56cf88b6dc9426c4f230e46c2dce1", size = 16701, upload-time = "2026-01-09T17:55:04.334Z" },
]

[[package]]
name = "humanize"
version = "4.15.0"
source = { registry = "https://pypi.org/simple" }
sdist = { url = "https://files.pythonhosted.org/packages/ba/66/a3921783d54be8a6870ac4ccffcd15c4dc0dd7fcce51c6d63b8c63935276/humanize-4.15.0.tar.gz", hash = "sha256:1dd098483eb1c7ee8e32eb2e99ad1910baefa4b75c3aff3a82f4d78688993b10", size = 83599, upload-time = "2025-12-20T20:16:13.19Z" }
wheels = [
    { url = "https://files.pythonhosted.org/packages/c5/7b/bca5613a0c3b542420cf92bd5e5fb8ebd5435ce1011a091f66bb7693285e/humanize-4.15.0-py3-none-any.whl", hash = "sha256:b1186eb9f5a9749cd9cb8565aee77919dd7c8d076161cf44d70e59e3301e1769", size = 132203, upload-time = "2025-12-20T20:16:11.67Z" },
]

[[package]]
name = "iniconfig"
version = "2.3.0"
source = { registry = "https://pypi.org/simple" }
sdist = { url = "https://files.pythonhosted.org/packages/72/34/14ca021ce8e5dfedc35312d08ba8bf51fdd999c576889fc2c24cb97f4f10/iniconfig-2.3.0.tar.gz", hash = "sha256:c76315c77db068650d49c5b56314774a7804df16fee4402c1f19d6d15d8c4730", size = 20503, upload-time = "2025-10-18T21:55:43.219Z" }
wheels = [
    { url = "https://files.pythonhosted.org/packages/cb/b1/3846dd7f199d53cb17f49cba7e651e9ce294d8497c8c150530ed11865bb8/iniconfig-2.3.0-py3-none-any.whl", hash = "sha256:f631c04d2c48c52b84d0d0549c99ff3859c98df65b3101406327ecc7d53fbf12", size = 7484, upload-time = "2025-10-18T21:55:41.639Z" },
]

[[package]]
name = "maturin"
version = "1.11.5"
source = { registry = "https://pypi.org/simple" }
sdist = { url = "https://files.pythonhosted.org/packages/a4/84/bfed8cc10e2d8b6656cf0f0ca6609218e6fcb45a62929f5094e1063570f7/maturin-1.11.5.tar.gz", hash = "sha256:7579cf47640fb9595a19fe83a742cbf63203f0343055c349c1cab39045a30c29", size = 226885, upload-time = "2026-01-09T11:06:13.801Z" }
wheels = [
    { url = "https://files.pythonhosted.org/packages/d2/6c/3443d2f8c6d4eae5fc7479cd4053542aff4c1a8566d0019d0612d241b15a/maturin-1.11.5-py3-none-linux_armv6l.whl", hash = "sha256:edd1d4d35050ea2b9ef42aa01e87fe019a1e822940346b35ccb973e0aa8f6d82", size = 8845897, upload-time = "2026-01-09T11:06:17.327Z" },
    { url = "https://files.pythonhosted.org/packages/c5/03/abf1826d8aebc0d47ef6d21bdd752d98d63ac4372ad2b115db9cd5176229/maturin-1.11.5-py3-none-macosx_10_12_x86_64.macosx_11_0_arm64.macosx_10_12_universal2.whl", hash = "sha256:2a596eab137cb3e169b97e89a739515abfa7a8755e2e5f0fc91432ef446f74f4", size = 17233855, upload-time = "2026-01-09T11:06:04.272Z" },
    { url = "https://files.pythonhosted.org/packages/90/a1/5ad62913271724035a7e4bcf796d7c95b4119317ae5f8cb034844aa99bc4/maturin-1.11.5-py3-none-macosx_10_12_x86_64.whl", hash = "sha256:1c27a2eb47821edf26c75d100b3150b52dca2c1a5f074d7514af06f7a7acb9d5", size = 8881776, upload-time = "2026-01-09T11:06:10.24Z" },
    { url = "https://files.pythonhosted.org/packages/c6/66/997974b44f8d3de641281ec04fbf5b6ca821bdc8291a2fa73305978db74d/maturin-1.11.5-py3-none-manylinux_2_12_i686.manylinux2010_i686.musllinux_1_1_i686.whl", hash = "sha256:f1320dacddcd3aa84a4bdfc77ee6fdb60e4c3835c853d7eb79c09473628b0498", size = 8870347, upload-time = "2026-01-09T11:06:12.178Z" },
    { url = "https://files.pythonhosted.org/packages/58/e0/c8fa042daf0608cc2e9a59b6df3a9e287bfc7f229136f17727f4118bac2d/maturin-1.11.5-py3-none-manylinux_2_12_x86_64.manylinux2010_x86_64.musllinux_1_1_x86_64.whl", hash = "sha256:ffe7418834ff3b4a6c987187b7abb85ba033f4733e089d77d84e2de87057b4e7", size = 9291396, upload-time = "2026-01-09T11:06:02.05Z" },
    { url = "https://files.pythonhosted.org/packages/99/af/9d3edc8375efc8d435d5f24794bc4de234d4e743447592da970d53b31361/maturin-1.11.5-py3-none-manylinux_2_17_aarch64.manylinux2014_aarch64.musllinux_1_1_aarch64.whl", hash = "sha256:c739b243d012386902f112ea63a54a94848932b70ae3565fa5e121fd1c0200e0", size = 8827831, upload-time = "2026-01-09T11:06:19.523Z" },
    { url = "https://files.pythonhosted.org/packages/8a/12/cc341f6abbf9005f90935a4ee5dc7b30e2df7d1bb90b96d48b756b2c0ee7/maturin-1.11.5-py3-none-manylinux_2_17_armv7l.manylinux2014_armv7l.musllinux_1_1_armv7l.whl", hash = "sha256:8127d2cd25950bacbcdc8a2ec6daab1d4d27200f7d73964392680ad64d27f7f0", size = 8718895, upload-time = "2026-01-09T11:06:21.617Z" },
    { url = "https://files.pythonhosted.org/packages/76/17/654a59c66287e287373f2a0086e4fc8a23f0545a81c2bd6e324db26a5801/maturin-1.11.5-py3-none-manylinux_2_17_ppc64le.manylinux2014_ppc64le.musllinux_1_1_ppc64le.whl", hash = "sha256:2a4e872fb78e77748217084ffeb59de565d08a86ccefdace054520aaa7b66db4", size = 11384741, upload-time = "2026-01-09T11:06:15.261Z" },
    { url = "https://files.pythonhosted.org/packages/2e/da/7118de648182971d723ea99d79c55007f96cdafc95f5322cc1ad15f6683e/maturin-1.11.5-py3-none-manylinux_2_17_s390x.manylinux2014_s390x.whl", hash = "sha256:2079447967819b5cf615e5b5b99a406d662effdc8d6afd493dcd253c6afc3707", size = 9423814, upload-time = "2026-01-09T11:05:57.242Z" },
    { url = "https://files.pythonhosted.org/packages/cf/8f/be14395c6e23b19ddaa0c171e68915bdcd1ef61ad1f411739c6721196903/maturin-1.11.5-py3-none-manylinux_2_31_riscv64.whl", hash = "sha256:50f6c668c1d5d4d4dc1c3ffec7b4270dab493e5b2368f8e4213f4bcde6a50eea", size = 9104378, upload-time = "2026-01-09T11:05:59.835Z" },
    { url = "https://files.pythonhosted.org/packages/77/83/53ea82a2f42a03930ea5545673d11a4ef49bb886827353a701f41a5f11c4/maturin-1.11.5-py3-none-win32.whl", hash = "sha256:49f85ce6cbe478e9743ecddd6da2964afc0ded57013aa4d054256be702d23d40", size = 7738696, upload-time = "2026-01-09T11:06:06.651Z" },
    { url = "https://files.pythonhosted.org/packages/3c/41/353a26d49aa80081c514a6354d429efbecedb90d0153ec598cece3baa607/maturin-1.11.5-py3-none-win_amd64.whl", hash = "sha256:70d3e5beffb9ef9dfae5f3c1a7eeb572091505eb8cb076e9434518df1c42a73b", size = 9029838, upload-time = "2026-01-09T11:05:54.543Z" },
    { url = "https://files.pythonhosted.org/packages/15/67/c94f8f5440bc42d54113a2d99de0d6107f06b5a33f31823e52b2715d856f/maturin-1.11.5-py3-none-win_arm64.whl", hash = "sha256:9348f7f0a346108e0c96e6719be91da4470bd43c15802435e9f4157f5cca43d4", size = 7624029, upload-time = "2026-01-09T11:06:08.728Z" },
]

[[package]]
name = "packaging"
version = "25.0"
source = { registry = "https://pypi.org/simple" }
sdist = { url = "https://files.pythonhosted.org/packages/a1/d4/1fc4078c65507b51b96ca8f8c3ba19e6a61c8253c72794544580a7b6c24d/packaging-25.0.tar.gz", hash = "sha256:d443872c98d677bf60f6a1f2f8c1cb748e8fe762d2bf9d3148b5599295b0fc4f", size = 165727, upload-time = "2025-04-19T11:48:59.673Z" }
wheels = [
    { url = "https://files.pythonhosted.org/packages/20/12/38679034af332785aac8774540895e234f4d07f7545804097de4b666afd8/packaging-25.0-py3-none-any.whl", hash = "sha256:29572ef2b1f17581046b3a2227d5c611fb25ec70ca1ba8554b24b0e69331a484", size = 66469, upload-time = "2025-04-19T11:48:57.875Z" },
]

[[package]]
name = "patchelf"
version = "0.17.2.4"
source = { registry = "https://pypi.org/simple" }
sdist = { url = "https://files.pythonhosted.org/packages/2c/a3/fdd3fa938c864aa2f11dd0b7f08befeda983d2dcdee44da493c6977a653f/patchelf-0.17.2.4.tar.gz", hash = "sha256:970ee5cd8af33e5ea2099510b2f9013fa1b8d5cd763bf3fd3961281c18101a09", size = 149629, upload-time = "2025-07-23T21:16:32.071Z" }
wheels = [
    { url = "https://files.pythonhosted.org/packages/b1/a7/8c4f86c78ec03db954d05fd9c57a114cc3a172a2d3e4a8b949cd5ff89471/patchelf-0.17.2.4-py3-none-macosx_10_9_universal2.whl", hash = "sha256:343bb1b94e959f9070ca9607453b04390e36bbaa33c88640b989cefad0aa049e", size = 184436, upload-time = "2025-07-23T21:16:20.578Z" },
    { url = "https://files.pythonhosted.org/packages/7e/19/f7821ef31aab01fa7dc8ebe697ece88ec4f7a0fdd3155dab2dfee4b00e5c/patchelf-0.17.2.4-py3-none-manylinux1_x86_64.manylinux_2_5_x86_64.musllinux_1_1_x86_64.whl", hash = "sha256:d9b35ebfada70c02679ad036407d9724ffe1255122ba4ac5e4be5868618a5689", size = 482846, upload-time = "2025-07-23T21:16:23.73Z" },
    { url = "https://files.pythonhosted.org/packages/d1/50/107fea848ecfd851d473b079cab79107487d72c4c3cdb25b9d2603a24ca2/patchelf-0.17.2.4-py3-none-manylinux2014_aarch64.manylinux_2_17_aarch64.musllinux_1_1_aarch64.whl", hash = "sha256:2931a1b5b85f3549661898af7bf746afbda7903c7c9a967cfc998a3563f84fad", size = 477811, upload-time = "2025-07-23T21:16:25.145Z" },
    { url = "https://files.pythonhosted.org/packages/89/a9/a9a2103e159fd65bffbc21ecc5c8c36e44eb34fe53b4ef85fb6d08c2a635/patchelf-0.17.2.4-py3-none-manylinux2014_armv7l.manylinux_2_17_armv7l.musllinux_1_1_armv7l.whl", hash = "sha256:ae44cb3c857d50f54b99e5697aa978726ada33a8a6129d4b8b7ffd28b996652d", size = 431226, upload-time = "2025-07-23T21:16:26.765Z" },
    { url = "https://files.pythonhosted.org/packages/87/93/897d612f6df7cfd987bdf668425127efeff8d8e4ad8bfbab1c69d2a0d861/patchelf-0.17.2.4-py3-none-manylinux2014_ppc64le.manylinux_2_17_ppc64le.musllinux_1_1_ppc64le.whl", hash = "sha256:680a266a70f60a7a4f4c448482c5bdba80cc8e6bb155a49dcc24238ba49927b0", size = 540276, upload-time = "2025-07-23T21:16:27.983Z" },
    { url = "https://files.pythonhosted.org/packages/5d/b8/2b92d11533482bac9ee989081d6880845287751b5f528adbd6bb27667fbd/patchelf-0.17.2.4-py3-none-manylinux2014_s390x.manylinux_2_17_s390x.musllinux_1_1_s390x.whl", hash = "sha256:d842b51f0401460f3b1f3a3a67d2c266a8f515a5adfbfa6e7b656cb3ac2ed8bc", size = 596632, upload-time = "2025-07-23T21:16:29.253Z" },
    { url = "https://files.pythonhosted.org/packages/14/e2/975d4bdb418f942b53e6187b95bd9e0d5e0488b7bc214685a1e43e2c2751/patchelf-0.17.2.4-py3-none-manylinux_2_31_riscv64.musllinux_1_1_riscv64.whl", hash = "sha256:7076d9e127230982e20a81a6e2358d3343004667ba510d9f822d4fdee29b0d71", size = 508281, upload-time = "2025-07-23T21:16:30.865Z" },
]

[[package]]
name = "platformdirs"
version = "4.5.1"
source = { registry = "https://pypi.org/simple" }
sdist = { url = "https://files.pythonhosted.org/packages/cf/86/0248f086a84f01b37aaec0fa567b397df1a119f73c16f6c7a9aac73ea309/platformdirs-4.5.1.tar.gz", hash = "sha256:61d5cdcc6065745cdd94f0f878977f8de9437be93de97c1c12f853c9c0cdcbda", size = 21715, upload-time = "2025-12-05T13:52:58.638Z" }
wheels = [
    { url = "https://files.pythonhosted.org/packages/cb/28/3bfe2fa5a7b9c46fe7e13c97bda14c895fb10fa2ebf1d0abb90e0cea7ee1/platformdirs-4.5.1-py3-none-any.whl", hash = "sha256:d03afa3963c806a9bed9d5125c8f4cb2fdaf74a55ab60e5d59b3fde758104d31", size = 18731, upload-time = "2025-12-05T13:52:56.823Z" },
]

[[package]]
name = "pluggy"
version = "1.6.0"
source = { registry = "https://pypi.org/simple" }
sdist = { url = "https://files.pythonhosted.org/packages/f9/e2/3e91f31a7d2b083fe6ef3fa267035b518369d9511ffab804f839851d2779/pluggy-1.6.0.tar.gz", hash = "sha256:7dcc130b76258d33b90f61b658791dede3486c3e6bfb003ee5c9bfb396dd22f3", size = 69412, upload-time = "2025-05-15T12:30:07.975Z" }
wheels = [
    { url = "https://files.pythonhosted.org/packages/54/20/4d324d65cc6d9205fabedc306948156824eb9f0ee1633355a8f7ec5c66bf/pluggy-1.6.0-py3-none-any.whl", hash = "sha256:e920276dd6813095e9377c0bc5566d94c932c33b27a3e3945d8389c374dd4746", size = 20538, upload-time = "2025-05-15T12:30:06.134Z" },
]

[[package]]
name = "psutil"
version = "7.2.1"
source = { registry = "https://pypi.org/simple" }
sdist = { url = "https://files.pythonhosted.org/packages/73/cb/09e5184fb5fc0358d110fc3ca7f6b1d033800734d34cac10f4136cfac10e/psutil-7.2.1.tar.gz", hash = "sha256:f7583aec590485b43ca601dd9cea0dcd65bd7bb21d30ef4ddbf4ea6b5ed1bdd3", size = 490253, upload-time = "2025-12-29T08:26:00.169Z" }
wheels = [
    { url = "https://files.pythonhosted.org/packages/77/8e/f0c242053a368c2aa89584ecd1b054a18683f13d6e5a318fc9ec36582c94/psutil-7.2.1-cp313-cp313t-macosx_10_13_x86_64.whl", hash = "sha256:ba9f33bb525b14c3ea563b2fd521a84d2fa214ec59e3e6a2858f78d0844dd60d", size = 129624, upload-time = "2025-12-29T08:26:04.255Z" },
    { url = "https://files.pythonhosted.org/packages/26/97/a58a4968f8990617decee234258a2b4fc7cd9e35668387646c1963e69f26/psutil-7.2.1-cp313-cp313t-macosx_11_0_arm64.whl", hash = "sha256:81442dac7abfc2f4f4385ea9e12ddf5a796721c0f6133260687fec5c3780fa49", size = 130132, upload-time = "2025-12-29T08:26:06.228Z" },
    { url = "https://files.pythonhosted.org/packages/db/6d/ed44901e830739af5f72a85fa7ec5ff1edea7f81bfbf4875e409007149bd/psutil-7.2.1-cp313-cp313t-manylinux2010_x86_64.manylinux_2_12_x86_64.manylinux_2_28_x86_64.whl", hash = "sha256:ea46c0d060491051d39f0d2cff4f98d5c72b288289f57a21556cc7d504db37fc", size = 180612, upload-time = "2025-12-29T08:26:08.276Z" },
    { url = "https://files.pythonhosted.org/packages/c7/65/b628f8459bca4efbfae50d4bf3feaab803de9a160b9d5f3bd9295a33f0c2/psutil-7.2.1-cp313-cp313t-manylinux2014_aarch64.manylinux_2_17_aarch64.manylinux_2_28_aarch64.whl", hash = "sha256:35630d5af80d5d0d49cfc4d64c1c13838baf6717a13effb35869a5919b854cdf", size = 183201, upload-time = "2025-12-29T08:26:10.622Z" },
    { url = "https://files.pythonhosted.org/packages/fb/23/851cadc9764edcc18f0effe7d0bf69f727d4cf2442deb4a9f78d4e4f30f2/psutil-7.2.1-cp313-cp313t-win_amd64.whl", hash = "sha256:923f8653416604e356073e6e0bccbe7c09990acef442def2f5640dd0faa9689f", size = 139081, upload-time = "2025-12-29T08:26:12.483Z" },
    { url = "https://files.pythonhosted.org/packages/59/82/d63e8494ec5758029f31c6cb06d7d161175d8281e91d011a4a441c8a43b5/psutil-7.2.1-cp313-cp313t-win_arm64.whl", hash = "sha256:cfbe6b40ca48019a51827f20d830887b3107a74a79b01ceb8cc8de4ccb17b672", size = 134767, upload-time = "2025-12-29T08:26:14.528Z" },
    { url = "https://files.pythonhosted.org/packages/05/c2/5fb764bd61e40e1fe756a44bd4c21827228394c17414ade348e28f83cd79/psutil-7.2.1-cp314-cp314t-macosx_10_15_x86_64.whl", hash = "sha256:494c513ccc53225ae23eec7fe6e1482f1b8a44674241b54561f755a898650679", size = 129716, upload-time = "2025-12-29T08:26:16.017Z" },
    { url = "https://files.pythonhosted.org/packages/c9/d2/935039c20e06f615d9ca6ca0ab756cf8408a19d298ffaa08666bc18dc805/psutil-7.2.1-cp314-cp314t-macosx_11_0_arm64.whl", hash = "sha256:3fce5f92c22b00cdefd1645aa58ab4877a01679e901555067b1bd77039aa589f", size = 130133, upload-time = "2025-12-29T08:26:18.009Z" },
    { url = "https://files.pythonhosted.org/packages/77/69/19f1eb0e01d24c2b3eacbc2f78d3b5add8a89bf0bb69465bc8d563cc33de/psutil-7.2.1-cp314-cp314t-manylinux2010_x86_64.manylinux_2_12_x86_64.manylinux_2_28_x86_64.whl", hash = "sha256:93f3f7b0bb07711b49626e7940d6fe52aa9940ad86e8f7e74842e73189712129", size = 181518, upload-time = "2025-12-29T08:26:20.241Z" },
    { url = "https://files.pythonhosted.org/packages/e1/6d/7e18b1b4fa13ad370787626c95887b027656ad4829c156bb6569d02f3262/psutil-7.2.1-cp314-cp314t-manylinux2014_aarch64.manylinux_2_17_aarch64.manylinux_2_28_aarch64.whl", hash = "sha256:d34d2ca888208eea2b5c68186841336a7f5e0b990edec929be909353a202768a", size = 184348, upload-time = "2025-12-29T08:26:22.215Z" },
    { url = "https://files.pythonhosted.org/packages/98/60/1672114392dd879586d60dd97896325df47d9a130ac7401318005aab28ec/psutil-7.2.1-cp314-cp314t-win_amd64.whl", hash = "sha256:2ceae842a78d1603753561132d5ad1b2f8a7979cb0c283f5b52fb4e6e14b1a79", size = 140400, upload-time = "2025-12-29T08:26:23.993Z" },
    { url = "https://files.pythonhosted.org/packages/fb/7b/d0e9d4513c46e46897b46bcfc410d51fc65735837ea57a25170f298326e6/psutil-7.2.1-cp314-cp314t-win_arm64.whl", hash = "sha256:08a2f175e48a898c8eb8eace45ce01777f4785bc744c90aa2cc7f2fa5462a266", size = 135430, upload-time = "2025-12-29T08:26:25.999Z" },
    { url = "https://files.pythonhosted.org/packages/c5/cf/5180eb8c8bdf6a503c6919f1da28328bd1e6b3b1b5b9d5b01ae64f019616/psutil-7.2.1-cp36-abi3-macosx_10_9_x86_64.whl", hash = "sha256:b2e953fcfaedcfbc952b44744f22d16575d3aa78eb4f51ae74165b4e96e55f42", size = 128137, upload-time = "2025-12-29T08:26:27.759Z" },
    { url = "https://files.pythonhosted.org/packages/c5/2c/78e4a789306a92ade5000da4f5de3255202c534acdadc3aac7b5458fadef/psutil-7.2.1-cp36-abi3-macosx_11_0_arm64.whl", hash = "sha256:05cc68dbb8c174828624062e73078e7e35406f4ca2d0866c272c2410d8ef06d1", size = 128947, upload-time = "2025-12-29T08:26:29.548Z" },
    { url = "https://files.pythonhosted.org/packages/29/f8/40e01c350ad9a2b3cb4e6adbcc8a83b17ee50dd5792102b6142385937db5/psutil-7.2.1-cp36-abi3-manylinux2010_x86_64.manylinux_2_12_x86_64.manylinux_2_28_x86_64.whl", hash = "sha256:5e38404ca2bb30ed7267a46c02f06ff842e92da3bb8c5bfdadbd35a5722314d8", size = 154694, upload-time = "2025-12-29T08:26:32.147Z" },
    { url = "https://files.pythonhosted.org/packages/06/e4/b751cdf839c011a9714a783f120e6a86b7494eb70044d7d81a25a5cd295f/psutil-7.2.1-cp36-abi3-manylinux2014_aarch64.manylinux_2_17_aarch64.manylinux_2_28_aarch64.whl", hash = "sha256:ab2b98c9fc19f13f59628d94df5cc4cc4844bc572467d113a8b517d634e362c6", size = 156136, upload-time = "2025-12-29T08:26:34.079Z" },
    { url = "https://files.pythonhosted.org/packages/44/ad/bbf6595a8134ee1e94a4487af3f132cef7fce43aef4a93b49912a48c3af7/psutil-7.2.1-cp36-abi3-musllinux_1_2_aarch64.whl", hash = "sha256:f78baafb38436d5a128f837fab2d92c276dfb48af01a240b861ae02b2413ada8", size = 148108, upload-time = "2025-12-29T08:26:36.225Z" },
    { url = "https://files.pythonhosted.org/packages/1c/15/dd6fd869753ce82ff64dcbc18356093471a5a5adf4f77ed1f805d473d859/psutil-7.2.1-cp36-abi3-musllinux_1_2_x86_64.whl", hash = "sha256:99a4cd17a5fdd1f3d014396502daa70b5ec21bf4ffe38393e152f8e449757d67", size = 147402, upload-time = "2025-12-29T08:26:39.21Z" },
    { url = "https://files.pythonhosted.org/packages/34/68/d9317542e3f2b180c4306e3f45d3c922d7e86d8ce39f941bb9e2e9d8599e/psutil-7.2.1-cp37-abi3-win_amd64.whl", hash = "sha256:b1b0671619343aa71c20ff9767eced0483e4fc9e1f489d50923738caf6a03c17", size = 136938, upload-time = "2025-12-29T08:26:41.036Z" },
    { url = "https://files.pythonhosted.org/packages/3e/73/2ce007f4198c80fcf2cb24c169884f833fe93fbc03d55d302627b094ee91/psutil-7.2.1-cp37-abi3-win_arm64.whl", hash = "sha256:0d67c1822c355aa6f7314d92018fb4268a76668a536f133599b91edd48759442", size = 133836, upload-time = "2025-12-29T08:26:43.086Z" },
]

[[package]]
name = "pyelftools"
version = "0.32"
source = { registry = "https://pypi.org/simple" }
sdist = { url = "https://files.pythonhosted.org/packages/b9/ab/33968940b2deb3d92f5b146bc6d4009a5f95d1d06c148ea2f9ee965071af/pyelftools-0.32.tar.gz", hash = "sha256:6de90ee7b8263e740c8715a925382d4099b354f29ac48ea40d840cf7aa14ace5", size = 15047199, upload-time = "2025-02-19T14:20:05.549Z" }
wheels = [
    { url = "https://files.pythonhosted.org/packages/af/43/700932c4f0638c3421177144a2e86448c0d75dbaee2c7936bda3f9fd0878/pyelftools-0.32-py3-none-any.whl", hash = "sha256:013df952a006db5e138b1edf6d8a68ecc50630adbd0d83a2d41e7f846163d738", size = 188525, upload-time = "2025-02-19T14:19:59.919Z" },
]

[[package]]
name = "pygments"
version = "2.19.2"
source = { registry = "https://pypi.org/simple" }
sdist = { url = "https://files.pythonhosted.org/packages/b0/77/a5b8c569bf593b0140bde72ea885a803b82086995367bf2037de0159d924/pygments-2.19.2.tar.gz", hash = "sha256:636cb2477cec7f8952536970bc533bc43743542f70392ae026374600add5b887", size = 4968631, upload-time = "2025-06-21T13:39:12.283Z" }
wheels = [
    { url = "https://files.pythonhosted.org/packages/c7/21/705964c7812476f378728bdf590ca4b771ec72385c533964653c68e86bdc/pygments-2.19.2-py3-none-any.whl", hash = "sha256:86540386c03d588bb81d44bc3928634ff26449851e99741617ecb9037ee5ec0b", size = 1225217, upload-time = "2025-06-21T13:39:07.939Z" },
]

[[package]]
name = "pyproject-hooks"
version = "1.2.0"
source = { registry = "https://pypi.org/simple" }
sdist = { url = "https://files.pythonhosted.org/packages/e7/82/28175b2414effca1cdac8dc99f76d660e7a4fb0ceefa4b4ab8f5f6742925/pyproject_hooks-1.2.0.tar.gz", hash = "sha256:1e859bd5c40fae9448642dd871adf459e5e2084186e8d2c2a79a824c970da1f8", size = 19228, upload-time = "2024-09-29T09:24:13.293Z" }
wheels = [
    { url = "https://files.pythonhosted.org/packages/bd/24/12818598c362d7f300f18e74db45963dbcb85150324092410c8b49405e42/pyproject_hooks-1.2.0-py3-none-any.whl", hash = "sha256:9e5c6bfa8dcc30091c74b0cf803c81fdd29d94f01992a7707bc97babb1141913", size = 10216, upload-time = "2024-09-29T09:24:11.978Z" },
]

[[package]]
name = "pytest"
version = "9.0.2"
source = { registry = "https://pypi.org/simple" }
dependencies = [
    { name = "colorama", marker = "sys_platform == 'win32'" },
    { name = "iniconfig" },
    { name = "packaging" },
    { name = "pluggy" },
    { name = "pygments" },
]
sdist = { url = "https://files.pythonhosted.org/packages/d1/db/7ef3487e0fb0049ddb5ce41d3a49c235bf9ad299b6a25d5780a89f19230f/pytest-9.0.2.tar.gz", hash = "sha256:75186651a92bd89611d1d9fc20f0b4345fd827c41ccd5c299a868a05d70edf11", size = 1568901, upload-time = "2025-12-06T21:30:51.014Z" }
wheels = [
    { url = "https://files.pythonhosted.org/packages/3b/ab/b3226f0bd7cdcf710fbede2b3548584366da3b19b5021e74f5bde2a8fa3f/pytest-9.0.2-py3-none-any.whl", hash = "sha256:711ffd45bf766d5264d487b917733b453d917afd2b0ad65223959f59089f875b", size = 374801, upload-time = "2025-12-06T21:30:49.154Z" },
]

[[package]]
name = "pytest-asyncio"
version = "1.3.0"
source = { registry = "https://pypi.org/simple" }
dependencies = [
    { name = "pytest" },
    { name = "typing-extensions", marker = "python_full_version < '3.13'" },
]
sdist = { url = "https://files.pythonhosted.org/packages/90/2c/8af215c0f776415f3590cac4f9086ccefd6fd463befeae41cd4d3f193e5a/pytest_asyncio-1.3.0.tar.gz", hash = "sha256:d7f52f36d231b80ee124cd216ffb19369aa168fc10095013c6b014a34d3ee9e5", size = 50087, upload-time = "2025-11-10T16:07:47.256Z" }
wheels = [
    { url = "https://files.pythonhosted.org/packages/e5/35/f8b19922b6a25bc0880171a2f1a003eaeb93657475193ab516fd87cac9da/pytest_asyncio-1.3.0-py3-none-any.whl", hash = "sha256:611e26147c7f77640e6d0a92a38ed17c3e9848063698d5c93d5aa7aa11cebff5", size = 15075, upload-time = "2025-11-10T16:07:45.537Z" },
]

[[package]]
name = "pytest-timeout"
version = "2.4.0"
source = { registry = "https://pypi.org/simple" }
dependencies = [
    { name = "pytest" },
]
sdist = { url = "https://files.pythonhosted.org/packages/ac/82/4c9ecabab13363e72d880f2fb504c5f750433b2b6f16e99f4ec21ada284c/pytest_timeout-2.4.0.tar.gz", hash = "sha256:7e68e90b01f9eff71332b25001f85c75495fc4e3a836701876183c4bcfd0540a", size = 17973, upload-time = "2025-05-05T19:44:34.99Z" }
wheels = [
    { url = "https://files.pythonhosted.org/packages/fa/b6/3127540ecdf1464a00e5a01ee60a1b09175f6913f0644ac748494d9c4b21/pytest_timeout-2.4.0-py3-none-any.whl", hash = "sha256:c42667e5cdadb151aeb5b26d114aff6bdf5a907f176a007a30b940d3d865b5c2", size = 14382, upload-time = "2025-05-05T19:44:33.502Z" },
]

[[package]]
name = "pytest-xdist"
version = "3.8.0"
source = { registry = "https://pypi.org/simple" }
dependencies = [
    { name = "execnet" },
    { name = "pytest" },
]
sdist = { url = "https://files.pythonhosted.org/packages/78/b4/439b179d1ff526791eb921115fca8e44e596a13efeda518b9d845a619450/pytest_xdist-3.8.0.tar.gz", hash = "sha256:7e578125ec9bc6050861aa93f2d59f1d8d085595d6551c2c90b6f4fad8d3a9f1", size = 88069, upload-time = "2025-07-01T13:30:59.346Z" }
wheels = [
    { url = "https://files.pythonhosted.org/packages/ca/31/d4e37e9e550c2b92a9cbc2e4d0b7420a27224968580b5a447f420847c975/pytest_xdist-3.8.0-py3-none-any.whl", hash = "sha256:202ca578cfeb7370784a8c33d6d05bc6e13b4f25b5053c30a152269fd10f0b88", size = 46396, upload-time = "2025-07-01T13:30:56.632Z" },
]

[[package]]
name = "python-dotenv"
version = "1.2.1"
source = { registry = "https://pypi.org/simple" }
sdist = { url = "https://files.pythonhosted.org/packages/f0/26/19cadc79a718c5edbec86fd4919a6b6d3f681039a2f6d66d14be94e75fb9/python_dotenv-1.2.1.tar.gz", hash = "sha256:42667e897e16ab0d66954af0e60a9caa94f0fd4ecf3aaf6d2d260eec1aa36ad6", size = 44221, upload-time = "2025-10-26T15:12:10.434Z" }
wheels = [
    { url = "https://files.pythonhosted.org/packages/14/1b/a298b06749107c305e1fe0f814c6c74aea7b2f1e10989cb30f544a1b3253/python_dotenv-1.2.1-py3-none-any.whl", hash = "sha256:b81ee9561e9ca4004139c6cbba3a238c32b03e4894671e181b671e8cb8425d61", size = 21230, upload-time = "2025-10-26T15:12:09.109Z" },
]

[[package]]
name = "ruff"
version = "0.14.13"
source = { registry = "https://pypi.org/simple" }
sdist = { url = "https://files.pythonhosted.org/packages/50/0a/1914efb7903174b381ee2ffeebb4253e729de57f114e63595114c8ca451f/ruff-0.14.13.tar.gz", hash = "sha256:83cd6c0763190784b99650a20fec7633c59f6ebe41c5cc9d45ee42749563ad47", size = 6059504, upload-time = "2026-01-15T20:15:16.918Z" }
wheels = [
    { url = "https://files.pythonhosted.org/packages/c3/ae/0deefbc65ca74b0ab1fd3917f94dc3b398233346a74b8bbb0a916a1a6bf6/ruff-0.14.13-py3-none-linux_armv6l.whl", hash = "sha256:76f62c62cd37c276cb03a275b198c7c15bd1d60c989f944db08a8c1c2dbec18b", size = 13062418, upload-time = "2026-01-15T20:14:50.779Z" },
    { url = "https://files.pythonhosted.org/packages/47/df/5916604faa530a97a3c154c62a81cb6b735c0cb05d1e26d5ad0f0c8ac48a/ruff-0.14.13-py3-none-macosx_10_12_x86_64.whl", hash = "sha256:914a8023ece0528d5cc33f5a684f5f38199bbb566a04815c2c211d8f40b5d0ed", size = 13442344, upload-time = "2026-01-15T20:15:07.94Z" },
    { url = "https://files.pythonhosted.org/packages/4c/f3/e0e694dd69163c3a1671e102aa574a50357536f18a33375050334d5cd517/ruff-0.14.13-py3-none-macosx_11_0_arm64.whl", hash = "sha256:d24899478c35ebfa730597a4a775d430ad0d5631b8647a3ab368c29b7e7bd063", size = 12354720, upload-time = "2026-01-15T20:15:09.854Z" },
    { url = "https://files.pythonhosted.org/packages/c3/e8/67f5fcbbaee25e8fc3b56cc33e9892eca7ffe09f773c8e5907757a7e3bdb/ruff-0.14.13-py3-none-manylinux_2_17_aarch64.manylinux2014_aarch64.whl", hash = "sha256:9aaf3870f14d925bbaf18b8a2347ee0ae7d95a2e490e4d4aea6813ed15ebc80e", size = 12774493, upload-time = "2026-01-15T20:15:20.908Z" },
    { url = "https://files.pythonhosted.org/packages/6b/ce/d2e9cb510870b52a9565d885c0d7668cc050e30fa2c8ac3fb1fda15c083d/ruff-0.14.13-py3-none-manylinux_2_17_armv7l.manylinux2014_armv7l.whl", hash = "sha256:ac5b7f63dd3b27cc811850f5ffd8fff845b00ad70e60b043aabf8d6ecc304e09", size = 12815174, upload-time = "2026-01-15T20:15:05.74Z" },
    { url = "https://files.pythonhosted.org/packages/88/00/c38e5da58beebcf4fa32d0ddd993b63dfacefd02ab7922614231330845bf/ruff-0.14.13-py3-none-manylinux_2_17_i686.manylinux2014_i686.whl", hash = "sha256:78d2b1097750d90ba82ce4ba676e85230a0ed694178ca5e61aa9b459970b3eb9", size = 13680909, upload-time = "2026-01-15T20:15:14.537Z" },
    { url = "https://files.pythonhosted.org/packages/61/61/cd37c9dd5bd0a3099ba79b2a5899ad417d8f3b04038810b0501a80814fd7/ruff-0.14.13-py3-none-manylinux_2_17_ppc64.manylinux2014_ppc64.whl", hash = "sha256:7d0bf87705acbbcb8d4c24b2d77fbb73d40210a95c3903b443cd9e30824a5032", size = 15144215, upload-time = "2026-01-15T20:15:22.886Z" },
    { url = "https://files.pythonhosted.org/packages/56/8a/85502d7edbf98c2df7b8876f316c0157359165e16cdf98507c65c8d07d3d/ruff-0.14.13-py3-none-manylinux_2_17_ppc64le.manylinux2014_ppc64le.whl", hash = "sha256:a3eb5da8e2c9e9f13431032fdcbe7681de9ceda5835efee3269417c13f1fed5c", size = 14706067, upload-time = "2026-01-15T20:14:48.271Z" },
    { url = "https://files.pythonhosted.org/packages/7e/2f/de0df127feb2ee8c1e54354dc1179b4a23798f0866019528c938ba439aca/ruff-0.14.13-py3-none-manylinux_2_17_s390x.manylinux2014_s390x.whl", hash = "sha256:642442b42957093811cd8d2140dfadd19c7417030a7a68cf8d51fcdd5f217427", size = 14133916, upload-time = "2026-01-15T20:14:57.357Z" },
    { url = "https://files.pythonhosted.org/packages/0d/77/9b99686bb9fe07a757c82f6f95e555c7a47801a9305576a9c67e0a31d280/ruff-0.14.13-py3-none-manylinux_2_17_x86_64.manylinux2014_x86_64.whl", hash = "sha256:4acdf009f32b46f6e8864af19cbf6841eaaed8638e65c8dac845aea0d703c841", size = 13859207, upload-time = "2026-01-15T20:14:55.111Z" },
    { url = "https://files.pythonhosted.org/packages/7d/46/2bdcb34a87a179a4d23022d818c1c236cb40e477faf0d7c9afb6813e5876/ruff-0.14.13-py3-none-manylinux_2_31_riscv64.whl", hash = "sha256:591a7f68860ea4e003917d19b5c4f5ac39ff558f162dc753a2c5de897fd5502c", size = 14043686, upload-time = "2026-01-15T20:14:52.841Z" },
    { url = "https://files.pythonhosted.org/packages/1a/a9/5c6a4f56a0512c691cf143371bcf60505ed0f0860f24a85da8bd123b2bf1/ruff-0.14.13-py3-none-musllinux_1_2_aarch64.whl", hash = "sha256:774c77e841cc6e046fc3e91623ce0903d1cd07e3a36b1a9fe79b81dab3de506b", size = 12663837, upload-time = "2026-01-15T20:15:18.921Z" },
    { url = "https://files.pythonhosted.org/packages/fe/bb/b920016ece7651fa7fcd335d9d199306665486694d4361547ccb19394c44/ruff-0.14.13-py3-none-musllinux_1_2_armv7l.whl", hash = "sha256:61f4e40077a1248436772bb6512db5fc4457fe4c49e7a94ea7c5088655dd21ae", size = 12805867, upload-time = "2026-01-15T20:14:59.272Z" },
    { url = "https://files.pythonhosted.org/packages/7d/b3/0bd909851e5696cd21e32a8fc25727e5f58f1934b3596975503e6e85415c/ruff-0.14.13-py3-none-musllinux_1_2_i686.whl", hash = "sha256:6d02f1428357fae9e98ac7aa94b7e966fd24151088510d32cf6f902d6c09235e", size = 13208528, upload-time = "2026-01-15T20:15:03.732Z" },
    { url = "https://files.pythonhosted.org/packages/3b/3b/e2d94cb613f6bbd5155a75cbe072813756363eba46a3f2177a1fcd0cd670/ruff-0.14.13-py3-none-musllinux_1_2_x86_64.whl", hash = "sha256:e399341472ce15237be0c0ae5fbceca4b04cd9bebab1a2b2c979e015455d8f0c", size = 13929242, upload-time = "2026-01-15T20:15:11.918Z" },
    { url = "https://files.pythonhosted.org/packages/6a/c5/abd840d4132fd51a12f594934af5eba1d5d27298a6f5b5d6c3be45301caf/ruff-0.14.13-py3-none-win32.whl", hash = "sha256:ef720f529aec113968b45dfdb838ac8934e519711da53a0456038a0efecbd680", size = 12919024, upload-time = "2026-01-15T20:14:43.647Z" },
    { url = "https://files.pythonhosted.org/packages/c2/55/6384b0b8ce731b6e2ade2b5449bf07c0e4c31e8a2e68ea65b3bafadcecc5/ruff-0.14.13-py3-none-win_amd64.whl", hash = "sha256:6070bd026e409734b9257e03e3ef18c6e1a216f0435c6751d7a8ec69cb59abef", size = 14097887, upload-time = "2026-01-15T20:15:01.48Z" },
    { url = "https://files.pythonhosted.org/packages/4d/e1/7348090988095e4e39560cfc2f7555b1b2a7357deba19167b600fdf5215d/ruff-0.14.13-py3-none-win_arm64.whl", hash = "sha256:7ab819e14f1ad9fe39f246cfcc435880ef7a9390d81a2b6ac7e01039083dd247", size = 13080224, upload-time = "2026-01-15T20:14:45.853Z" },
]

[[package]]
name = "typing-extensions"
version = "4.15.0"
source = { registry = "https://pypi.org/simple" }
sdist = { url = "https://files.pythonhosted.org/packages/72/94/1a15dd82efb362ac84269196e94cf00f187f7ed21c242792a923cdb1c61f/typing_extensions-4.15.0.tar.gz", hash = "sha256:0cea48d173cc12fa28ecabc3b837ea3cf6f38c6d1136f85cbaaf598984861466", size = 109391, upload-time = "2025-08-25T13:49:26.313Z" }
wheels = [
    { url = "https://files.pythonhosted.org/packages/18/67/36e9267722cc04a6b9f15c7f3441c2363321a3ea07da7ae0c0707beb2a9c/typing_extensions-4.15.0-py3-none-any.whl", hash = "sha256:f0fa19c6845758ab08074a0cfa8b7aecb71c999ca73d62883bc25cc018c4e548", size = 44614, upload-time = "2025-08-25T13:49:24.86Z" },
]

[[package]]
name = "uv"
version = "0.9.21"
source = { registry = "https://pypi.org/simple" }
sdist = { url = "https://files.pythonhosted.org/packages/e2/2b/4e2090bc3a6265b445b3d31ca6fff20c6458d11145069f7e48ade3e2d75b/uv-0.9.21.tar.gz", hash = "sha256:aa4ca6ccd68e81b5ebaa3684d3c4df2b51a982ac16211eadf0707741d36e6488", size = 3834762, upload-time = "2025-12-30T16:12:51.927Z" }
wheels = [
    { url = "https://files.pythonhosted.org/packages/da/26/0750c5bb1637ebefe1db0936dc76ead8ce97f17368cda950642bfd90fa3f/uv-0.9.21-py3-none-linux_armv6l.whl", hash = "sha256:0b330eaced2fd9d94e2a70f3bb6c8fd7beadc9d9bf9f1227eb14da44039c413a", size = 21266556, upload-time = "2025-12-30T16:12:47.311Z" },
    { url = "https://files.pythonhosted.org/packages/3e/ef/f019466c1e367ea68003cf35f4d44cc328694ed4a59b6004aa7dcacb2b35/uv-0.9.21-py3-none-macosx_10_12_x86_64.whl", hash = "sha256:1d8e0940bddd37a55f4479d61adaa6b302b780d473f037fc084e48b09a1678e7", size = 20485648, upload-time = "2025-12-30T16:12:15.746Z" },
    { url = "https://files.pythonhosted.org/packages/2a/41/f735bd9a5b4848b6f4f1028e6d768f581559d68eddb6403eb0f19ca4c843/uv-0.9.21-py3-none-macosx_11_0_arm64.whl", hash = "sha256:cb420ddab7bcdd12c2352d4b551ced428d104311c0b98ce205675ab5c97072db", size = 18986976, upload-time = "2025-12-30T16:12:25.034Z" },
    { url = "https://files.pythonhosted.org/packages/9a/5f/01d537e05927594dc379ff8bc04f8cde26384d25108a9f63758eae2a7936/uv-0.9.21-py3-none-manylinux_2_17_aarch64.manylinux2014_aarch64.musllinux_1_1_aarch64.whl", hash = "sha256:a36d164438a6310c9fceebd041d80f7cffcc63ba80a7c83ee98394fadf2b8545", size = 20819312, upload-time = "2025-12-30T16:12:41.802Z" },
    { url = "https://files.pythonhosted.org/packages/18/89/9497395f57e007a2daed8172042ecccade3ff5569fd367d093f49bd6a4a8/uv-0.9.21-py3-none-manylinux_2_17_armv7l.manylinux2014_armv7l.whl", hash = "sha256:c0ad83ce874cbbf9eda569ba793a9fb70870db426e9862300db8cf2950a7fe3b", size = 20900227, upload-time = "2025-12-30T16:12:19.242Z" },
    { url = "https://files.pythonhosted.org/packages/04/61/a3f6dfc75d278cce96b370e00b6f03d73ec260e5304f622504848bad219d/uv-0.9.21-py3-none-manylinux_2_17_i686.manylinux2014_i686.whl", hash = "sha256:9076191c934b813147060e4cd97e33a58999de0f9c46f8ac67f614e154dae5c8", size = 21965424, upload-time = "2025-12-30T16:12:01.589Z" },
    { url = "https://files.pythonhosted.org/packages/18/3e/344e8c1078cfea82159c6608b8694f24fdfe850ce329a4708c026cb8b0ff/uv-0.9.21-py3-none-manylinux_2_17_ppc64.manylinux2014_ppc64.whl", hash = "sha256:2ce0f6aca91f7fbf1192e43c063f4de3666fd43126aacc71ff7d5a79f831af59", size = 23540343, upload-time = "2025-12-30T16:12:13.139Z" },
    { url = "https://files.pythonhosted.org/packages/7f/20/5826659a81526687c6e5b5507f3f79f4f4b7e3022f3efae2ba36b19864c3/uv-0.9.21-py3-none-manylinux_2_17_ppc64le.manylinux2014_ppc64le.whl", hash = "sha256:0b4817642d5ef248b74ca7be3505e5e012a06be050669b80d1f7ced5ad50d188", size = 23171564, upload-time = "2025-12-30T16:12:22.219Z" },
    { url = "https://files.pythonhosted.org/packages/a6/8d/404c54e019bb99ce474dc21e6b96c8a1351ba3c06e5e19fd8dcae0ba1899/uv-0.9.21-py3-none-manylinux_2_17_s390x.manylinux2014_s390x.whl", hash = "sha256:4fb42237fa309d79905fb73f653f63c1fe45a51193411c614b13512cf5506df3", size = 22202400, upload-time = "2025-12-30T16:12:04.612Z" },
    { url = "https://files.pythonhosted.org/packages/1a/f0/aa3d0081a2004050564364a1ef3277ddf889c9989a7278c0a9cce8284926/uv-0.9.21-py3-none-manylinux_2_17_x86_64.manylinux2014_x86_64.whl", hash = "sha256:f1d22f0ac03635d661e811c69d7c0b292751f90699acc6a1fb1509e17c936474", size = 22206448, upload-time = "2025-12-30T16:12:30.626Z" },
    { url = "https://files.pythonhosted.org/packages/fc/a9/7a375e723a588f31f305ddf9ae2097af0b9dc7f7813641788b5b9764a237/uv-0.9.21-py3-none-manylinux_2_28_aarch64.whl", hash = "sha256:cdd805909d360ad67640201376c8eb02de08dcf1680a1a81aebd9519daed6023", size = 20940568, upload-time = "2025-12-30T16:12:27.533Z" },
    { url = "https://files.pythonhosted.org/packages/18/d5/6187ffb7e1d24df34defe2718db8c4c3c08f153d3e7da22c250134b79cd1/uv-0.9.21-py3-none-manylinux_2_31_riscv64.whl", hash = "sha256:82e438595a609cbe4e45c413a54bd5756d37c8c39108ce7b2799aff15f7d3337", size = 22085077, upload-time = "2025-12-30T16:12:10.153Z" },
    { url = "https://files.pythonhosted.org/packages/ee/fa/8e211167d0690d9f15a08da610a0383d2f43a6c838890878e14948472284/uv-0.9.21-py3-none-musllinux_1_1_armv7l.whl", hash = "sha256:fc1c06e1e5df423e1517e350ea2c9d85ecefd0919188a0a9f19bd239bbbdeeaf", size = 20862893, upload-time = "2025-12-30T16:12:49.87Z" },
    { url = "https://files.pythonhosted.org/packages/33/b2/9d24d84cb9a1a6a5ea98d03a29abf800d87e5710d25e53896dc73aeb63a5/uv-0.9.21-py3-none-musllinux_1_1_i686.whl", hash = "sha256:9ef3d2a213c7720f4dae336e5123fe88427200d7523c78091c4ab7f849c3f13f", size = 21428397, upload-time = "2025-12-30T16:12:07.483Z" },
    { url = "https://files.pythonhosted.org/packages/4f/40/1e8e4c2e1308432c708eaa66dccdb83d2ee6120ea2b7d65e04fc06f48ff8/uv-0.9.21-py3-none-musllinux_1_1_x86_64.whl", hash = "sha256:8da20914d92ba4cc35f071414d3da7365294fc0b7114da8ac2ab3a86c695096f", size = 22450537, upload-time = "2025-12-30T16:12:33.36Z" },
    { url = "https://files.pythonhosted.org/packages/18/b8/99c4731d001f512e844dfdc740db2bf2fea56d538749b639d21f5117a74a/uv-0.9.21-py3-none-win32.whl", hash = "sha256:e716e23bc0ec8cbb0811f99e653745e0cf15223e7ba5d8857d46be5b40b3045b", size = 20032654, upload-time = "2025-12-30T16:12:36.007Z" },
    { url = "https://files.pythonhosted.org/packages/29/6b/da441bf335f5e1c0c100b7dfb9702b6fed367ba703e543037bf1e70bf8c3/uv-0.9.21-py3-none-win_amd64.whl", hash = "sha256:64a7bb0e4e6a4c2d98c2d55f42aead7c2df0ceb17d5911d1a42b76228cab4525", size = 22206744, upload-time = "2025-12-30T16:12:38.953Z" },
    { url = "https://files.pythonhosted.org/packages/98/02/afbed8309fe07aaa9fa58a98941cebffbcd300fe70499a02a6806d93517b/uv-0.9.21-py3-none-win_arm64.whl", hash = "sha256:6c13c40966812f6bd6ecb6546e5d3e27e7fe9cefa07018f074f51d703cb29e1c", size = 20591604, upload-time = "2025-12-30T16:12:44.634Z" },
]

[[package]]
name = "wheel"
version = "0.46.3"
source = { registry = "https://pypi.org/simple" }
dependencies = [
    { name = "packaging" },
]
sdist = { url = "https://files.pythonhosted.org/packages/89/24/a2eb353a6edac9a0303977c4cb048134959dd2a51b48a269dfc9dde00c8a/wheel-0.46.3.tar.gz", hash = "sha256:e3e79874b07d776c40bd6033f8ddf76a7dad46a7b8aa1b2787a83083519a1803", size = 60605, upload-time = "2026-01-22T12:39:49.136Z" }
wheels = [
    { url = "https://files.pythonhosted.org/packages/87/22/b76d483683216dde3d67cba61fb2444be8d5be289bf628c13fc0fd90e5f9/wheel-0.46.3-py3-none-any.whl", hash = "sha256:4b399d56c9d9338230118d705d9737a2a468ccca63d5e813e2a4fc7815d8bc4d", size = 30557, upload-time = "2026-01-22T12:39:48.099Z" },
]
